
Microsoft Visual Studio Solution File, Format Version 12.00
# Visual Studio Version 16
VisualStudioVersion = 16.0.30907.101
MinimumVisualStudioVersion = 10.0.40219.1
Project("{FAE04EC0-301F-11D3-BF4B-00C04F79EFBC}") = "HomeLesson", "HomeLesson\HomeLesson.csproj", "{186B8C41-A315-4D9B-BE30-E2637E4E00AB}"
EndProject
Project("{FAE04EC0-301F-11D3-BF4B-00C04F79EFBC}") = "WindowsFormsApp1", "WindowsFormsApp1\WindowsFormsApp1.csproj", "{9CD2D136-3244-498E-BBFA-FED6B9DA8E9D}"
EndProject
Global
	GlobalSection(SolutionConfigurationPlatforms) = preSolution
		Debug|Any CPU = Debug|Any CPU
		Release|Any CPU = Release|Any CPU
	EndGlobalSection
	GlobalSection(ProjectConfigurationPlatforms) = postSolution
		{186B8C41-A315-4D9B-BE30-E2637E4E00AB}.Debug|Any CPU.ActiveCfg = Debug|Any CPU
		{186B8C41-A315-4D9B-BE30-E2637E4E00AB}.Debug|Any CPU.Build.0 = Debug|Any CPU
		{186B8C41-A315-4D9B-BE30-E2637E4E00AB}.Release|Any CPU.ActiveCfg = Release|Any CPU
		{186B8C41-A315-4D9B-BE30-E2637E4E00AB}.Release|Any CPU.Build.0 = Release|Any CPU
		{9CD2D136-3244-498E-BBFA-FED6B9DA8E9D}.Debug|Any CPU.ActiveCfg = Debug|Any CPU
		{9CD2D136-3244-498E-BBFA-FED6B9DA8E9D}.Debug|Any CPU.Build.0 = Debug|Any CPU
		{9CD2D136-3244-498E-BBFA-FED6B9DA8E9D}.Release|Any CPU.ActiveCfg = Release|Any CPU
		{9CD2D136-3244-498E-BBFA-FED6B9DA8E9D}.Release|Any CPU.Build.0 = Release|Any CPU
	EndGlobalSection
	GlobalSection(SolutionProperties) = preSolution
		HideSolutionNode = FALSE
	EndGlobalSection
	GlobalSection(ExtensibilityGlobals) = postSolution
		SolutionGuid = {840518BF-12B4-4982-B795-431E523D39FD}
	EndGlobalSection
EndGlobal
